
Microsoft Visual Studio Solution File, Format Version 12.00
# Visual Studio Version 16
VisualStudioVersion = 16.0.30011.22
MinimumVisualStudioVersion = 10.0.40219.1
Project("{FAE04EC0-301F-11D3-BF4B-00C04F79EFBC}") = "POS and Inventory", "POS and Inventory\POS and Inventory.csproj", "{35379CD7-64D4-4C49-BD94-34FA6B24FE55}"
EndProject
Project("{54435603-DBB4-11D2-8724-00A0C9A8B90C}") = "SetupSR", "SetupSR\SetupSR.vdproj", "{64854EAC-EF41-4971-A47D-E404117B52C0}"
EndProject
Global
	GlobalSection(SolutionConfigurationPlatforms) = preSolution
		Debug|Any CPU = Debug|Any CPU
		Release|Any CPU = Release|Any CPU
	EndGlobalSection
	GlobalSection(ProjectConfigurationPlatforms) = postSolution
		{35379CD7-64D4-4C49-BD94-34FA6B24FE55}.Debug|Any CPU.ActiveCfg = Release|Any CPU
		{35379CD7-64D4-4C49-BD94-34FA6B24FE55}.Debug|Any CPU.Build.0 = Release|Any CPU
		{35379CD7-64D4-4C49-BD94-34FA6B24FE55}.Release|Any CPU.ActiveCfg = Release|Any CPU
		{35379CD7-64D4-4C49-BD94-34FA6B24FE55}.Release|Any CPU.Build.0 = Release|Any CPU
		{64854EAC-EF41-4971-A47D-E404117B52C0}.Debug|Any CPU.ActiveCfg = Debug
		{64854EAC-EF41-4971-A47D-E404117B52C0}.Release|Any CPU.ActiveCfg = Release
	EndGlobalSection
	GlobalSection(SolutionProperties) = preSolution
		HideSolutionNode = FALSE
	EndGlobalSection
	GlobalSection(ExtensibilityGlobals) = postSolution
		SolutionGuid = {38E83678-35C1-45AA-AF7B-DD6930A93514}
	EndGlobalSection
EndGlobal
